{
  "name": "re-vscode",
  "version": "1.0.0",
  "lockfileVersion": 3,
  "requires": true,
  "packages": {
    "": {
      "name": "re-vscode",
      "version": "1.0.0",
      "dependencies": {
        "vscode-languageclient": "^8.1.0"
      },
      "devDependencies": {
        "@types/node": "^18.14.6",
        "@types/vscode": "^1.75.0",
        "typescript": "^4.9.5"
      },
      "engines": {
        "vscode": "^1.75.0"
      }
    },
    "node_modules/@types/node": {
      "version": "18.19.130",
      "resolved": "https://registry.npmjs.org/@types/node/-/node-18.19.130.tgz",
      "integrity": "sha512-GRaXQx6jGfL8sKfaIDD6OupbIHBr9jv7Jnaml9tB7l4v068PAOXqfcujMMo5PhbIs6ggR1XODELqahT2R8v0fg==",
      "dev": true,
      "license": "MIT",
      "dependencies": {
        "undici-types": "~5.26.4"
      }
    },
    "node_modules/@types/vscode": {
      "version": "1.120.0",
      "resolved": "https://registry.npmjs.org/@types/vscode/-/vscode-1.120.0.tgz",
      "integrity": "sha512-feaT4Rst+FkTch5zz/ZbNCxoIvo55YU80Be2kiL7OJcod4+CUYf2lUBPdIJzozNnSEMq1VRTGrWEcCGFB3fBmA==",
      "dev": true,
      "license": "MIT"
    },
    "node_modules/balanced-match": {
      "version": "1.0.2",
      "resolved": "https://registry.npmjs.org/balanced-match/-/balanced-match-1.0.2.tgz",
      "integrity": "sha512-3oSeUO0TMV67hN1AmbXsK4yaqU7tjiHlbxRDZOpH0KW9+CeX4bRAaX0Anxt0tx2MrpRpWwQaPwIlISEJhYU5Pw==",
      "license": "MIT"
    },
    "node_modules/brace-expansion": {
      "version": "2.1.1",
      "resolved": "https://registry.npmjs.org/brace-expansion/-/brace-expansion-2.1.1.tgz",
      "integrity": "sha512-WR1cURNjuvBLMZBMbqM0UoE+WAfdUcEV1ccD8PVBVOI+Z3ND4+SZbN8RsfT2bMuG1qwz5RFvPukSZm5fF2D5eA==",
      "license": "MIT",
      "dependencies": {
        "balanced-match": "^1.0.0"
      }
    },
    "node_modules/minimatch": {
      "version": "5.1.9",
      "resolved": "https://registry.npmjs.org/minimatch/-/minimatch-5.1.9.tgz",
      "integrity": "sha512-7o1wEA2RyMP7Iu7GNba9vc0RWWGACJOCZBJX2GJWip0ikV+wcOsgVuY9uE8CPiyQhkGFSlhuSkZPavN7u1c2Fw==",
      "license": "ISC",
      "dependencies": {
        "brace-expansion": "^2.0.1"
      },
      "engines": {
        "node": ">=10"
      }
    },
    "node_modules/semver": {
      "version": "7.8.4",
      "resolved": "https://registry.npmjs.org/semver/-/semver-7.8.4.tgz",
      "integrity": "sha512-rUCObTnP32Q08R2uuIrt7r9PlEonuTmtuXYcW6s5kjdlj3xbnwe+21yXptAUYcMAABLkYYTtnmzb3w3EDZfueA==",
      "license": "ISC",
      "bin": {
        "semver": "bin/semver.js"
      },
      "engines": {
        "node": ">=10"
      }
    },
    "node_modules/typescript": {
      "version": "4.9.5",
      "resolved": "https://registry.npmjs.org/typescript/-/typescript-4.9.5.tgz",
      "integrity": "sha512-1FXk9E2Hm+QzZQ7z+McJiHL4NW1F2EzMu9Nq9i3zAaGqibafqYwCVU6WyWAuyQRRzOlxou8xZSyXLEN8oKj24g==",
      "dev": true,
      "license": "Apache-2.0",
      "bin": {
        "tsc": "bin/tsc",
        "tsserver": "bin/tsserver"
      },
      "engines": {
        "node": ">=4.2.0"
      }
    },
    "node_modules/undici-types": {
      "version": "5.26.5",
      "resolved": "https://registry.npmjs.org/undici-types/-/undici-types-5.26.5.tgz",
      "integrity": "sha512-JlCMO+ehdEIKqlFxk6IfVoAUVmgz7cU7zD/h9XZ0qzeosSHmUJVOzSQvvYSYWXkFXC+IfLKSIffhv0sVZup6pA==",
      "dev": true,
      "license": "MIT"
    },
    "node_modules/vscode-jsonrpc": {
      "version": "8.1.0",
      "resolved": "https://registry.npmjs.org/vscode-jsonrpc/-/vscode-jsonrpc-8.1.0.tgz",
      "integrity": "sha512-6TDy/abTQk+zDGYazgbIPc+4JoXdwC8NHU9Pbn4UJP1fehUyZmM4RHp5IthX7A6L5KS30PRui+j+tbbMMMafdw==",
      "license": "MIT",
      "engines": {
        "node": ">=14.0.0"
      }
    },
    "node_modules/vscode-languageclient": {
      "version": "8.1.0",
      "resolved": "https://registry.npmjs.org/vscode-languageclient/-/vscode-languageclient-8.1.0.tgz",
      "integrity": "sha512-GL4QdbYUF/XxQlAsvYWZRV3V34kOkpRlvV60/72ghHfsYFnS/v2MANZ9P6sHmxFcZKOse8O+L9G7Czg0NUWing==",
      "license": "MIT",
      "dependencies": {
        "minimatch": "^5.1.0",
        "semver": "^7.3.7",
        "vscode-languageserver-protocol": "3.17.3"
      },
      "engines": {
        "vscode": "^1.67.0"
      }
    },
    "node_modules/vscode-languageserver-protocol": {
      "version": "3.17.3",
      "resolved": "https://registry.npmjs.org/vscode-languageserver-protocol/-/vscode-languageserver-protocol-3.17.3.tgz",
      "integrity": "sha512-924/h0AqsMtA5yK22GgMtCYiMdCOtWTSGgUOkgEDX+wk2b0x4sAfLiO4NxBxqbiVtz7K7/1/RgVrVI0NClZwqA==",
      "license": "MIT",
      "dependencies": {
        "vscode-jsonrpc": "8.1.0",
        "vscode-languageserver-types": "3.17.3"
      }
    },
    "node_modules/vscode-languageserver-types": {
      "version": "3.17.3",
      "resolved": "https://registry.npmjs.org/vscode-languageserver-types/-/vscode-languageserver-types-3.17.3.tgz",
      "integrity": "sha512-SYU4z1dL0PyIMd4Vj8YOqFvHu7Hz/enbWtpfnVbJHU4Nd1YNYx8u0ennumc6h48GQNeOLxmwySmnADouT/AuZA==",
      "license": "MIT"
    }
  }
}
